// !$*UTF8*$!
{
	archiveVersion = 1;
	classes = {
	};
	objectVersion = 50;
	objects = {

/* Begin PBXBuildFile section */
		13F64AEF02F913DE4CB3A937 /* Pods_sample.framework in Frameworks */ = {isa = PBXBuildFile; fileRef = D71F4851FE1983F88395B9C6 /* Pods_sample.framework */; };
		248315E86C9778888C8B7E3A /* Pods_sampleUITests.framework in Frameworks */ = {isa = PBXBuildFile; fileRef = D699ADF1FF9CB5865A516B8C /* Pods_sampleUITests.framework */; };
		7386CEB522969571008F697A /* AppDelegate.swift in Sources */ = {isa = PBXBuildFile; fileRef = 7386CEB422969571008F697A /* AppDelegate.swift */; };
		7386CEB722969571008F697A /* ViewController.swift in Sources */ = {isa = PBXBuildFile; fileRef = 7386CEB622969571008F697A /* ViewController.swift */; };
		7386CEBA22969571008F697A /* Main.storyboard in Resources */ = {isa = PBXBuildFile; fileRef = 7386CEB822969571008F697A /* Main.storyboard */; };
		7386CEBC22969575008F697A /* Assets.xcassets in Resources */ = {isa = PBXBuildFile; fileRef = 7386CEBB22969575008F697A /* Assets.xcassets */; };
		7386CEBF22969575008F697A /* LaunchScreen.storyboard in Resources */ = {isa = PBXBuildFile; fileRef = 7386CEBD22969575008F697A /* LaunchScreen.storyboard */; };
		7386CECA22969575008F697A /* sampleTests.swift in Sources */ = {isa = PBXBuildFile; fileRef = 7386CEC922969575008F697A /* sampleTests.swift */; };
		7386CED522969575008F697A /* sampleUITests.swift in Sources */ = {isa = PBXBuildFile; fileRef = 7386CED422969575008F697A /* sampleUITests.swift */; };
		7386CEE52297AB52008F697A /* object.swift in Sources */ = {isa = PBXBuildFile; fileRef = 7386CEE42297AB52008F697A /* object.swift */; };
		7386CEE82297ABD0008F697A /* music.swift in Sources */ = {isa = PBXBuildFile; fileRef = 7386CEE72297ABD0008F697A /* music.swift */; };
		7386CEEB2297AC08008F697A /* newMusic.swift in Sources */ = {isa = PBXBuildFile; fileRef = 7386CEEA2297AC08008F697A /* newMusic.swift */; };
		7386CEED2297AC29008F697A /* musicDetail.swift in Sources */ = {isa = PBXBuildFile; fileRef = 7386CEEC2297AC29008F697A /* musicDetail.swift */; };
		73EA82F4229907430004553F /* MCMain.swift in Sources */ = {isa = PBXBuildFile; fileRef = 73EA82F3229907430004553F /* MCMain.swift */; };
		73EA82F6229907740004553F /* editMC.swift in Sources */ = {isa = PBXBuildFile; fileRef = 73EA82F5229907740004553F /* editMC.swift */; };
		73EA82F8229907A80004553F /* MCTracks.swift in Sources */ = {isa = PBXBuildFile; fileRef = 73EA82F7229907A80004553F /* MCTracks.swift */; };
		73EA82FA229909F00004553F /* beats.swift in Sources */ = {isa = PBXBuildFile; fileRef = 73EA82F9229909F00004553F /* beats.swift */; };
		73EA82FC22990A1F0004553F /* recoding.swift in Sources */ = {isa = PBXBuildFile; fileRef = 73EA82FB22990A1F0004553F /* recoding.swift */; };
		73F23372229A36FB0079EFBE /* customCell.swift in Sources */ = {isa = PBXBuildFile; fileRef = 73F23371229A36FB0079EFBE /* customCell.swift */; };
		AE428E5ED5C160BD11387601 /* Pods_sampleTests.framework in Frameworks */ = {isa = PBXBuildFile; fileRef = 38F0D4F17528D26E99B4E9C1 /* Pods_sampleTests.framework */; };
/* End PBXBuildFile section */

/* Begin PBXContainerItemProxy section */
		7386CEC622969575008F697A /* PBXContainerItemProxy */ = {
			isa = PBXContainerItemProxy;
			containerPortal = 7386CEA922969571008F697A /* Project object */;
			proxyType = 1;
			remoteGlobalIDString = 7386CEB022969571008F697A;
			remoteInfo = sample;
		};
		7386CED122969575008F697A /* PBXContainerItemProxy */ = {
			isa = PBXContainerItemProxy;
			containerPortal = 7386CEA922969571008F697A /* Project object */;
			proxyType = 1;
			remoteGlobalIDString = 7386CEB022969571008F697A;
			remoteInfo = sample;
		};
/* End PBXContainerItemProxy section */

/* Begin PBXFileReference section */
		24845A78B0F35DBFDC933752 /* Pods-sample.release.xcconfig */ = {isa = PBXFileReference; includeInIndex = 1; lastKnownFileType = text.xcconfig; name = "Pods-sample.release.xcconfig"; path = "Target Support Files/Pods-sample/Pods-sample.release.xcconfig"; sourceTree = "<group>"; };
		38F0D4F17528D26E99B4E9C1 /* Pods_sampleTests.framework */ = {isa = PBXFileReference; explicitFileType = wrapper.framework; includeInIndex = 0; path = Pods_sampleTests.framework; sourceTree = BUILT_PRODUCTS_DIR; };
		44C368122D48B32B29138A42 /* Pods-sampleTests.debug.xcconfig */ = {isa = PBXFileReference; includeInIndex = 1; lastKnownFileType = text.xcconfig; name = "Pods-sampleTests.debug.xcconfig"; path = "Target Support Files/Pods-sampleTests/Pods-sampleTests.debug.xcconfig"; sourceTree = "<group>"; };
		7386CEB122969571008F697A /* sample.app */ = {isa = PBXFileReference; explicitFileType = wrapper.application; includeInIndex = 0; path = sample.app; sourceTree = BUILT_PRODUCTS_DIR; };
		7386CEB422969571008F697A /* AppDelegate.swift */ = {isa = PBXFileReference; lastKnownFileType = sourcecode.swift; path = AppDelegate.swift; sourceTree = "<group>"; };
		7386CEB622969571008F697A /* ViewController.swift */ = {isa = PBXFileReference; lastKnownFileType = sourcecode.swift; path = ViewController.swift; sourceTree = "<group>"; };
		7386CEB922969571008F697A /* Base */ = {isa = PBXFileReference; lastKnownFileType = file.storyboard; name = Base; path = Base.lproj/Main.storyboard; sourceTree = "<group>"; };
		7386CEBB22969575008F697A /* Assets.xcassets */ = {isa = PBXFileReference; lastKnownFileType = folder.assetcatalog; path = Assets.xcassets; sourceTree = "<group>"; };
		7386CEBE22969575008F697A /* Base */ = {isa = PBXFileReference; lastKnownFileType = file.storyboard; name = Base; path = Base.lproj/LaunchScreen.storyboard; sourceTree = "<group>"; };
		7386CEC022969575008F697A /* Info.plist */ = {isa = PBXFileReference; lastKnownFileType = text.plist.xml; path = Info.plist; sourceTree = "<group>"; };
		7386CEC522969575008F697A /* sampleTests.xctest */ = {isa = PBXFileReference; explicitFileType = wrapper.cfbundle; includeInIndex = 0; path = sampleTests.xctest; sourceTree = BUILT_PRODUCTS_DIR; };
		7386CEC922969575008F697A /* sampleTests.swift */ = {isa = PBXFileReference; lastKnownFileType = sourcecode.swift; path = sampleTests.swift; sourceTree = "<group>"; };
		7386CECB22969575008F697A /* Info.plist */ = {isa = PBXFileReference; lastKnownFileType = text.plist.xml; path = Info.plist; sourceTree = "<group>"; };
		7386CED022969575008F697A /* sampleUITests.xctest */ = {isa = PBXFileReference; explicitFileType = wrapper.cfbundle; includeInIndex = 0; path = sampleUITests.xctest; sourceTree = BUILT_PRODUCTS_DIR; };
		7386CED422969575008F697A /* sampleUITests.swift */ = {isa = PBXFileReference; lastKnownFileType = sourcecode.swift; path = sampleUITests.swift; sourceTree = "<group>"; };
		7386CED622969575008F697A /* Info.plist */ = {isa = PBXFileReference; lastKnownFileType = text.plist.xml; path = Info.plist; sourceTree = "<group>"; };
		7386CEE42297AB52008F697A /* object.swift */ = {isa = PBXFileReference; lastKnownFileType = sourcecode.swift; path = object.swift; sourceTree = "<group>"; };
		7386CEE72297ABD0008F697A /* music.swift */ = {isa = PBXFileReference; lastKnownFileType = sourcecode.swift; path = music.swift; sourceTree = "<group>"; };
		7386CEEA2297AC08008F697A /* newMusic.swift */ = {isa = PBXFileReference; lastKnownFileType = sourcecode.swift; path = newMusic.swift; sourceTree = "<group>"; };
		7386CEEC2297AC29008F697A /* musicDetail.swift */ = {isa = PBXFileReference; lastKnownFileType = sourcecode.swift; path = musicDetail.swift; sourceTree = "<group>"; };
		73EA82F3229907430004553F /* MCMain.swift */ = {isa = PBXFileReference; lastKnownFileType = sourcecode.swift; path = MCMain.swift; sourceTree = "<group>"; };
		73EA82F5229907740004553F /* editMC.swift */ = {isa = PBXFileReference; lastKnownFileType = sourcecode.swift; path = editMC.swift; sourceTree = "<group>"; };
		73EA82F7229907A80004553F /* MCTracks.swift */ = {isa = PBXFileReference; lastKnownFileType = sourcecode.swift; path = MCTracks.swift; sourceTree = "<group>"; };
		73EA82F9229909F00004553F /* beats.swift */ = {isa = PBXFileReference; lastKnownFileType = sourcecode.swift; path = beats.swift; sourceTree = "<group>"; };
		73EA82FB22990A1F0004553F /* recoding.swift */ = {isa = PBXFileReference; lastKnownFileType = sourcecode.swift; name = recoding.swift; path = Music/recoding.swift; sourceTree = "<group>"; };
		73F23371229A36FB0079EFBE /* customCell.swift */ = {isa = PBXFileReference; lastKnownFileType = sourcecode.swift; name = customCell.swift; path = Music/customCell.swift; sourceTree = "<group>"; };
		B8E01B47EAA77F5701AF734C /* Pods-sampleUITests.release.xcconfig */ = {isa = PBXFileReference; includeInIndex = 1; lastKnownFileType = text.xcconfig; name = "Pods-sampleUITests.release.xcconfig"; path = "Target Support Files/Pods-sampleUITests/Pods-sampleUITests.release.xcconfig"; sourceTree = "<group>"; };
		C680A543F0691D8BAE9B3895 /* Pods-sampleUITests.debug.xcconfig */ = {isa = PBXFileReference; includeInIndex = 1; lastKnownFileType = text.xcconfig; name = "Pods-sampleUITests.debug.xcconfig"; path = "Target Support Files/Pods-sampleUITests/Pods-sampleUITests.debug.xcconfig"; sourceTree = "<group>"; };
		D009725B7275B57111184445 /* Pods-sampleTests.release.xcconfig */ = {isa = PBXFileReference; includeInIndex = 1; lastKnownFileType = text.xcconfig; name = "Pods-sampleTests.release.xcconfig"; path = "Target Support Files/Pods-sampleTests/Pods-sampleTests.release.xcconfig"; sourceTree = "<group>"; };
		D699ADF1FF9CB5865A516B8C /* Pods_sampleUITests.framework */ = {isa = PBXFileReference; explicitFileType = wrapper.framework; includeInIndex = 0; path = Pods_sampleUITests.framework; sourceTree = BUILT_PRODUCTS_DIR; };
		D71F4851FE1983F88395B9C6 /* Pods_sample.framework */ = {isa = PBXFileReference; explicitFileType = wrapper.framework; includeInIndex = 0; path = Pods_sample.framework; sourceTree = BUILT_PRODUCTS_DIR; };
		E24475B98A900B92122904F5 /* Pods-sample.debug.xcconfig */ = {isa = PBXFileReference; includeInIndex = 1; lastKnownFileType = text.xcconfig; name = "Pods-sample.debug.xcconfig"; path = "Target Support Files/Pods-sample/Pods-sample.debug.xcconfig"; sourceTree = "<group>"; };
/* End PBXFileReference section */

/* Begin PBXFrameworksBuildPhase section */
		7386CEAE22969571008F697A /* Frameworks */ = {
			isa = PBXFrameworksBuildPhase;
			buildActionMask = 2147483647;
			files = (
				13F64AEF02F913DE4CB3A937 /* Pods_sample.framework in Frameworks */,
			);
			runOnlyForDeploymentPostprocessing = 0;
		};
		7386CEC222969575008F697A /* Frameworks */ = {
			isa = PBXFrameworksBuildPhase;
			buildActionMask = 2147483647;
			files = (
				AE428E5ED5C160BD11387601 /* Pods_sampleTests.framework in Frameworks */,
			);
			runOnlyForDeploymentPostprocessing = 0;
		};
		7386CECD22969575008F697A /* Frameworks */ = {
			isa = PBXFrameworksBuildPhase;
			buildActionMask = 2147483647;
			files = (
				248315E86C9778888C8B7E3A /* Pods_sampleUITests.framework in Frameworks */,
			);
			runOnlyForDeploymentPostprocessing = 0;
		};
/* End PBXFrameworksBuildPhase section */

/* Begin PBXGroup section */
		701483B72837969B6F7E0262 /* Pods */ = {
			isa = PBXGroup;
			children = (
				E24475B98A900B92122904F5 /* Pods-sample.debug.xcconfig */,
				24845A78B0F35DBFDC933752 /* Pods-sample.release.xcconfig */,
				44C368122D48B32B29138A42 /* Pods-sampleTests.debug.xcconfig */,
				D009725B7275B57111184445 /* Pods-sampleTests.release.xcconfig */,
				C680A543F0691D8BAE9B3895 /* Pods-sampleUITests.debug.xcconfig */,
				B8E01B47EAA77F5701AF734C /* Pods-sampleUITests.release.xcconfig */,
			);
			path = Pods;
			sourceTree = "<group>";
		};
		7386CEA822969571008F697A = {
			isa = PBXGroup;
			children = (
				7386CEB322969571008F697A /* sample */,
				7386CEC822969575008F697A /* sampleTests */,
				7386CED322969575008F697A /* sampleUITests */,
				7386CEB222969571008F697A /* Products */,
				701483B72837969B6F7E0262 /* Pods */,
				A5641131CE1DCF0D16D4D8CD /* Frameworks */,
			);
			sourceTree = "<group>";
		};
		7386CEB222969571008F697A /* Products */ = {
			isa = PBXGroup;
			children = (
				7386CEB122969571008F697A /* sample.app */,
				7386CEC522969575008F697A /* sampleTests.xctest */,
				7386CED022969575008F697A /* sampleUITests.xctest */,
			);
			name = Products;
			sourceTree = "<group>";
		};
		7386CEB322969571008F697A /* sample */ = {
			isa = PBXGroup;
			children = (
				7386CEB422969571008F697A /* AppDelegate.swift */,
				7386CEB622969571008F697A /* ViewController.swift */,
				7386CEB822969571008F697A /* Main.storyboard */,
				73F23371229A36FB0079EFBE /* customCell.swift */,
				73EA82FB22990A1F0004553F /* recoding.swift */,
				7386CEE92297ABD6008F697A /* Music */,
				73EA82F2229907260004553F /* MC */,
				7386CEBB22969575008F697A /* Assets.xcassets */,
				7386CEBD22969575008F697A /* LaunchScreen.storyboard */,
				7386CEC022969575008F697A /* Info.plist */,
				7386CEE62297AB58008F697A /* database */,
			);
			path = sample;
			sourceTree = "<group>";
		};
		7386CEC822969575008F697A /* sampleTests */ = {
			isa = PBXGroup;
			children = (
				7386CEC922969575008F697A /* sampleTests.swift */,
				7386CECB22969575008F697A /* Info.plist */,
			);
			path = sampleTests;
			sourceTree = "<group>";
		};
		7386CED322969575008F697A /* sampleUITests */ = {
			isa = PBXGroup;
			children = (
				7386CED422969575008F697A /* sampleUITests.swift */,
				7386CED622969575008F697A /* Info.plist */,
			);
			path = sampleUITests;
			sourceTree = "<group>";
		};
		7386CEE62297AB58008F697A /* database */ = {
			isa = PBXGroup;
			children = (
				7386CEE42297AB52008F697A /* object.swift */,
			);
			path = database;
			sourceTree = "<group>";
		};
		7386CEE92297ABD6008F697A /* Music */ = {
			isa = PBXGroup;
			children = (
				7386CEE72297ABD0008F697A /* music.swift */,
				73EA82F9229909F00004553F /* beats.swift */,
				7386CEEA2297AC08008F697A /* newMusic.swift */,
				7386CEEC2297AC29008F697A /* musicDetail.swift */,
			);
			path = Music;
			sourceTree = "<group>";
		};
		73EA82F2229907260004553F /* MC */ = {
			isa = PBXGroup;
			children = (
				73EA82F3229907430004553F /* MCMain.swift */,
				73EA82F5229907740004553F /* editMC.swift */,
				73EA82F7229907A80004553F /* MCTracks.swift */,
			);
			path = MC;
			sourceTree = "<group>";
		};
		A5641131CE1DCF0D16D4D8CD /* Frameworks */ = {
			isa = PBXGroup;
			children = (
				D71F4851FE1983F88395B9C6 /* Pods_sample.framework */,
				38F0D4F17528D26E99B4E9C1 /* Pods_sampleTests.framework */,
				D699ADF1FF9CB5865A516B8C /* Pods_sampleUITests.framework */,
			);
			name = Frameworks;
			sourceTree = "<group>";
		};
/* End PBXGroup section */

/* Begin PBXNativeTarget section */
		7386CEB022969571008F697A /* sample */ = {
			isa = PBXNativeTarget;
			buildConfigurationList = 7386CED922969575008F697A /* Build configuration list for PBXNativeTarget "sample" */;
			buildPhases = (
				6AEA13F9ADF0250D4208F79B /* [CP] Check Pods Manifest.lock */,
				7386CEAD22969571008F697A /* Sources */,
				7386CEAE22969571008F697A /* Frameworks */,
				7386CEAF22969571008F697A /* Resources */,
				9C012BC36D7E8263D0B860A8 /* [CP] Embed Pods Frameworks */,
			);
			buildRules = (
			);
			dependencies = (
			);
			name = sample;
			productName = sample;
			productReference = 7386CEB122969571008F697A /* sample.app */;
			productType = "com.apple.product-type.application";
		};
		7386CEC422969575008F697A /* sampleTests */ = {
			isa = PBXNativeTarget;
			buildConfigurationList = 7386CEDC22969575008F697A /* Build configuration list for PBXNativeTarget "sampleTests" */;
			buildPhases = (
				CC5D0187F89962940E3274F4 /* [CP] Check Pods Manifest.lock */,
				7386CEC122969575008F697A /* Sources */,
				7386CEC222969575008F697A /* Frameworks */,
				7386CEC322969575008F697A /* Resources */,
			);
			buildRules = (
			);
			dependencies = (
				7386CEC722969575008F697A /* PBXTargetDependency */,
			);
			name = sampleTests;
			productName = sampleTests;
			productReference = 7386CEC522969575008F697A /* sampleTests.xctest */;
			productType = "com.apple.product-type.bundle.unit-test";
		};
		7386CECF22969575008F697A /* sampleUITests */ = {
			isa = PBXNativeTarget;
			buildConfigurationList = 7386CEDF22969575008F697A /* Build configuration list for PBXNativeTarget "sampleUITests" */;
			buildPhases = (
				E72DDB8C3501F665B6E589FD /* [CP] Check Pods Manifest.lock */,
				7386CECC22969575008F697A /* Sources */,
				7386CECD22969575008F697A /* Frameworks */,
				7386CECE22969575008F697A /* Resources */,
			);
			buildRules = (
			);
			dependencies = (
				7386CED222969575008F697A /* PBXTargetDependency */,
			);
			name = sampleUITests;
			productName = sampleUITests;
			productReference = 7386CED022969575008F697A /* sampleUITests.xctest */;
			productType = "com.apple.product-type.bundle.ui-testing";
		};
/* End PBXNativeTarget section */

/* Begin PBXProject section */
		7386CEA922969571008F697A /* Project object */ = {
			isa = PBXProject;
			attributes = {
				LastSwiftUpdateCheck = 1020;
				LastUpgradeCheck = 1020;
				ORGANIZATIONNAME = "笹倉一也";
				TargetAttributes = {
					7386CEB022969571008F697A = {
						CreatedOnToolsVersion = 10.2;
					};
					7386CEC422969575008F697A = {
						CreatedOnToolsVersion = 10.2;
						TestTargetID = 7386CEB022969571008F697A;
					};
					7386CECF22969575008F697A = {
						CreatedOnToolsVersion = 10.2;
						TestTargetID = 7386CEB022969571008F697A;
					};
				};
			};
			buildConfigurationList = 7386CEAC22969571008F697A /* Build configuration list for PBXProject "sample" */;
			compatibilityVersion = "Xcode 9.3";
			developmentRegion = en;
			hasScannedForEncodings = 0;
			knownRegions = (
				en,
				Base,
			);
			mainGroup = 7386CEA822969571008F697A;
			productRefGroup = 7386CEB222969571008F697A /* Products */;
			projectDirPath = "";
			projectRoot = "";
			targets = (
				7386CEB022969571008F697A /* sample */,
				7386CEC422969575008F697A /* sampleTests */,
				7386CECF22969575008F697A /* sampleUITests */,
			);
		};
/* End PBXProject section */

/* Begin PBXResourcesBuildPhase section */
		7386CEAF22969571008F697A /* Resources */ = {
			isa = PBXResourcesBuildPhase;
			buildActionMask = 2147483647;
			files = (
				7386CEBF22969575008F697A /* LaunchScreen.storyboard in Resources */,
				7386CEBC22969575008F697A /* Assets.xcassets in Resources */,
				7386CEBA22969571008F697A /* Main.storyboard in Resources */,
			);
			runOnlyForDeploymentPostprocessing = 0;
		};
		7386CEC322969575008F697A /* Resources */ = {
			isa = PBXResourcesBuildPhase;
			buildActionMask = 2147483647;
			files = (
			);
			runOnlyForDeploymentPostprocessing = 0;
		};
		7386CECE22969575008F697A /* Resources */ = {
			isa = PBXResourcesBuildPhase;
			buildActionMask = 2147483647;
			files = (
			);
			runOnlyForDeploymentPostprocessing = 0;
		};
/* End PBXResourcesBuildPhase section */

/* Begin PBXShellScriptBuildPhase section */
		6AEA13F9ADF0250D4208F79B /* [CP] Check Pods Manifest.lock */ = {
			isa = PBXShellScriptBuildPhase;
			buildActionMask = 2147483647;
			files = (
			);
			inputFileListPaths = (
			);
			inputPaths = (
				"${PODS_PODFILE_DIR_PATH}/Podfile.lock",
				"${PODS_ROOT}/Manifest.lock",
			);
			name = "[CP] Check Pods Manifest.lock";
			outputFileListPaths = (
			);
			outputPaths = (
				"$(DERIVED_FILE_DIR)/Pods-sample-checkManifestLockResult.txt",
			);
			runOnlyForDeploymentPostprocessing = 0;
			shellPath = /bin/sh;
			shellScript = "diff \"${PODS_PODFILE_DIR_PATH}/Podfile.lock\" \"${PODS_ROOT}/Manifest.lock\" > /dev/null\nif [ $? != 0 ] ; then\n    # print error to STDERR\n    echo \"error: The sandbox is not in sync with the Podfile.lock. Run 'pod install' or update your CocoaPods installation.\" >&2\n    exit 1\nfi\n# This output is used by Xcode 'outputs' to avoid re-running this script phase.\necho \"SUCCESS\" > \"${SCRIPT_OUTPUT_FILE_0}\"\n";
			showEnvVarsInLog = 0;
		};
		9C012BC36D7E8263D0B860A8 /* [CP] Embed Pods Frameworks */ = {
			isa = PBXShellScriptBuildPhase;
			buildActionMask = 2147483647;
			files = (
			);
			inputFileListPaths = (
			);
			inputPaths = (
				"${PODS_ROOT}/Target Support Files/Pods-sample/Pods-sample-frameworks.sh",
				"${BUILT_PRODUCTS_DIR}/GoogleUtilities/GoogleUtilities.framework",
				"${BUILT_PRODUCTS_DIR}/Realm/Realm.framework",
				"${BUILT_PRODUCTS_DIR}/RealmSwift/RealmSwift.framework",
				"${BUILT_PRODUCTS_DIR}/nanopb/nanopb.framework",
			);
			name = "[CP] Embed Pods Frameworks";
			outputFileListPaths = (
			);
			outputPaths = (
				"${TARGET_BUILD_DIR}/${FRAMEWORKS_FOLDER_PATH}/GoogleUtilities.framework",
				"${TARGET_BUILD_DIR}/${FRAMEWORKS_FOLDER_PATH}/Realm.framework",
				"${TARGET_BUILD_DIR}/${FRAMEWORKS_FOLDER_PATH}/RealmSwift.framework",
				"${TARGET_BUILD_DIR}/${FRAMEWORKS_FOLDER_PATH}/nanopb.framework",
			);
			runOnlyForDeploymentPostprocessing = 0;
			shellPath = /bin/sh;
			shellScript = "\"${PODS_ROOT}/Target Support Files/Pods-sample/Pods-sample-frameworks.sh\"\n";
			showEnvVarsInLog = 0;
		};
		CC5D0187F89962940E3274F4 /* [CP] Check Pods Manifest.lock */ = {
			isa = PBXShellScriptBuildPhase;
			buildActionMask = 2147483647;
			files = (
			);
			inputFileListPaths = (
			);
			inputPaths = (
				"${PODS_PODFILE_DIR_PATH}/Podfile.lock",
				"${PODS_ROOT}/Manifest.lock",
			);
			name = "[CP] Check Pods Manifest.lock";
			outputFileListPaths = (
			);
			outputPaths = (
				"$(DERIVED_FILE_DIR)/Pods-sampleTests-checkManifestLockResult.txt",
			);
			runOnlyForDeploymentPostprocessing = 0;
			shellPath = /bin/sh;
			shellScript = "diff \"${PODS_PODFILE_DIR_PATH}/Podfile.lock\" \"${PODS_ROOT}/Manifest.lock\" > /dev/null\nif [ $? != 0 ] ; then\n    # print error to STDERR\n    echo \"error: The sandbox is not in sync with the Podfile.lock. Run 'pod install' or update your CocoaPods installation.\" >&2\n    exit 1\nfi\n# This output is used by Xcode 'outputs' to avoid re-running this script phase.\necho \"SUCCESS\" > \"${SCRIPT_OUTPUT_FILE_0}\"\n";
			showEnvVarsInLog = 0;
		};
		E72DDB8C3501F665B6E589FD /* [CP] Check Pods Manifest.lock */ = {
			isa = PBXShellScriptBuildPhase;
			buildActionMask = 2147483647;
			files = (
			);
			inputFileListPaths = (
			);
			inputPaths = (
				"${PODS_PODFILE_DIR_PATH}/Podfile.lock",
				"${PODS_ROOT}/Manifest.lock",
			);
			name = "[CP] Check Pods Manifest.lock";
			outputFileListPaths = (
			);
			outputPaths = (
				"$(DERIVED_FILE_DIR)/Pods-sampleUITests-checkManifestLockResult.txt",
			);
			runOnlyForDeploymentPostprocessing = 0;
			shellPath = /bin/sh;
			shellScript = "diff \"${PODS_PODFILE_DIR_PATH}/Podfile.lock\" \"${PODS_ROOT}/Manifest.lock\" > /dev/null\nif [ $? != 0 ] ; then\n    # print error to STDERR\n    echo \"error: The sandbox is not in sync with the Podfile.lock. Run 'pod install' or update your CocoaPods installation.\" >&2\n    exit 1\nfi\n# This output is used by Xcode 'outputs' to avoid re-running this script phase.\necho \"SUCCESS\" > \"${SCRIPT_OUTPUT_FILE_0}\"\n";
			showEnvVarsInLog = 0;
		};
/* End PBXShellScriptBuildPhase section */

/* Begin PBXSourcesBuildPhase section */
		7386CEAD22969571008F697A /* Sources */ = {
			isa = PBXSourcesBuildPhase;
			buildActionMask = 2147483647;
			files = (
				73EA82FC22990A1F0004553F /* recoding.swift in Sources */,
				73EA82F4229907430004553F /* MCMain.swift in Sources */,
				73F23372229A36FB0079EFBE /* customCell.swift in Sources */,
				73EA82F8229907A80004553F /* MCTracks.swift in Sources */,
				7386CEEB2297AC08008F697A /* newMusic.swift in Sources */,
				7386CEB722969571008F697A /* ViewController.swift in Sources */,
				7386CEED2297AC29008F697A /* musicDetail.swift in Sources */,
				73EA82FA229909F00004553F /* beats.swift in Sources */,
				7386CEB522969571008F697A /* AppDelegate.swift in Sources */,
				73EA82F6229907740004553F /* editMC.swift in Sources */,
				7386CEE52297AB52008F697A /* object.swift in Sources */,
				7386CEE82297ABD0008F697A /* music.swift in Sources */,
			);
			runOnlyForDeploymentPostprocessing = 0;
		};
		7386CEC122969575008F697A /* Sources */ = {
			isa = PBXSourcesBuildPhase;
			buildActionMask = 2147483647;
			files = (
				7386CECA22969575008F697A /* sampleTests.swift in Sources */,
			);
			runOnlyForDeploymentPostprocessing = 0;
		};
		7386CECC22969575008F697A /* Sources */ = {
			isa = PBXSourcesBuildPhase;
			buildActionMask = 2147483647;
			files = (
				7386CED522969575008F697A /* sampleUITests.swift in Sources */,
			);
			runOnlyForDeploymentPostprocessing = 0;
		};
/* End PBXSourcesBuildPhase section */

/* Begin PBXTargetDependency section */
		7386CEC722969575008F697A /* PBXTargetDependency */ = {
			isa = PBXTargetDependency;
			target = 7386CEB022969571008F697A /* sample */;
			targetProxy = 7386CEC622969575008F697A /* PBXContainerItemProxy */;
		};
		7386CED222969575008F697A /* PBXTargetDependency */ = {
			isa = PBXTargetDependency;
			target = 7386CEB022969571008F697A /* sample */;
			targetProxy = 7386CED122969575008F697A /* PBXContainerItemProxy */;
		};
/* End PBXTargetDependency section */

/* Begin PBXVariantGroup section */
		7386CEB822969571008F697A /* Main.storyboard */ = {
			isa = PBXVariantGroup;
			children = (
				7386CEB922969571008F697A /* Base */,
			);
			name = Main.storyboard;
			sourceTree = "<group>";
		};
		7386CEBD22969575008F697A /* LaunchScreen.storyboard */ = {
			isa = PBXVariantGroup;
			children = (
				7386CEBE22969575008F697A /* Base */,
			);
			name = LaunchScreen.storyboard;
			sourceTree = "<group>";
		};
/* End PBXVariantGroup section */

/* Begin XCBuildConfiguration section */
		7386CED722969575008F697A /* Debug */ = {
			isa = XCBuildConfiguration;
			buildSettings = {
				ALWAYS_SEARCH_USER_PATHS = NO;
				CLANG_ANALYZER_NONNULL = YES;
				CLANG_ANALYZER_NUMBER_OBJECT_CONVERSION = YES_AGGRESSIVE;
				CLANG_CXX_LANGUAGE_STANDARD = "gnu++14";
				CLANG_CXX_LIBRARY = "libc++";
				CLANG_ENABLE_MODULES = YES;
				CLANG_ENABLE_OBJC_ARC = YES;
				CLANG_ENABLE_OBJC_WEAK = YES;
				CLANG_WARN_BLOCK_CAPTURE_AUTORELEASING = YES;
				CLANG_WARN_BOOL_CONVERSION = YES;
				CLANG_WARN_COMMA = YES;
				CLANG_WARN_CONSTANT_CONVERSION = YES;
				CLANG_WARN_DEPRECATED_OBJC_IMPLEMENTATIONS = YES;
				CLANG_WARN_DIRECT_OBJC_ISA_USAGE = YES_ERROR;
				CLANG_WARN_DOCUMENTATION_COMMENTS = YES;
				CLANG_WARN_EMPTY_BODY = YES;
				CLANG_WARN_ENUM_CONVERSION = YES;
				CLANG_WARN_INFINITE_RECURSION = YES;
				CLANG_WARN_INT_CONVERSION = YES;
				CLANG_WARN_NON_LITERAL_NULL_CONVERSION = YES;
				CLANG_WARN_OBJC_IMPLICIT_RETAIN_SELF = YES;
				CLANG_WARN_OBJC_LITERAL_CONVERSION = YES;
				CLANG_WARN_OBJC_ROOT_CLASS = YES_ERROR;
				CLANG_WARN_RANGE_LOOP_ANALYSIS = YES;
				CLANG_WARN_STRICT_PROTOTYPES = YES;
				CLANG_WARN_SUSPICIOUS_MOVE = YES;
				CLANG_WARN_UNGUARDED_AVAILABILITY = YES_AGGRESSIVE;
				CLANG_WARN_UNREACHABLE_CODE = YES;
				CLANG_WARN__DUPLICATE_METHOD_MATCH = YES;
				CODE_SIGN_IDENTITY = "iPhone Developer";
				COPY_PHASE_STRIP = NO;
				DEBUG_INFORMATION_FORMAT = dwarf;
				ENABLE_STRICT_OBJC_MSGSEND = YES;
				ENABLE_TESTABILITY = YES;
				GCC_C_LANGUAGE_STANDARD = gnu11;
				GCC_DYNAMIC_NO_PIC = NO;
				GCC_NO_COMMON_BLOCKS = YES;
				GCC_OPTIMIZATION_LEVEL = 0;
				GCC_PREPROCESSOR_DEFINITIONS = (
					"DEBUG=1",
					"$(inherited)",
				);
				GCC_WARN_64_TO_32_BIT_CONVERSION = YES;
				GCC_WARN_ABOUT_RETURN_TYPE = YES_ERROR;
				GCC_WARN_UNDECLARED_SELECTOR = YES;
				GCC_WARN_UNINITIALIZED_AUTOS = YES_AGGRESSIVE;
				GCC_WARN_UNUSED_FUNCTION = YES;
				GCC_WARN_UNUSED_VARIABLE = YES;
				IPHONEOS_DEPLOYMENT_TARGET = 12.2;
				MTL_ENABLE_DEBUG_INFO = INCLUDE_SOURCE;
				MTL_FAST_MATH = YES;
				ONLY_ACTIVE_ARCH = YES;
				SDKROOT = iphoneos;
				SWIFT_ACTIVE_COMPILATION_CONDITIONS = DEBUG;
				SWIFT_OPTIMIZATION_LEVEL = "-Onone";
			};
			name = Debug;
		};
		7386CED822969575008F697A /* Release */ = {
			isa = XCBuildConfiguration;
			buildSettings = {
				ALWAYS_SEARCH_USER_PATHS = NO;
				CLANG_ANALYZER_NONNULL = YES;
				CLANG_ANALYZER_NUMBER_OBJECT_CONVERSION = YES_AGGRESSIVE;
				CLANG_CXX_LANGUAGE_STANDARD = "gnu++14";
				CLANG_CXX_LIBRARY = "libc++";
				CLANG_ENABLE_MODULES = YES;
				CLANG_ENABLE_OBJC_ARC = YES;
				CLANG_ENABLE_OBJC_WEAK = YES;
				CLANG_WARN_BLOCK_CAPTURE_AUTORELEASING = YES;
				CLANG_WARN_BOOL_CONVERSION = YES;
				CLANG_WARN_COMMA = YES;
				CLANG_WARN_CONSTANT_CONVERSION = YES;
				CLANG_WARN_DEPRECATED_OBJC_IMPLEMENTATIONS = YES;
				CLANG_WARN_DIRECT_OBJC_ISA_USAGE = YES_ERROR;
				CLANG_WARN_DOCUMENTATION_COMMENTS = YES;
				CLANG_WARN_EMPTY_BODY = YES;
				CLANG_WARN_ENUM_CONVERSION = YES;
				CLANG_WARN_INFINITE_RECURSION = YES;
				CLANG_WARN_INT_CONVERSION = YES;
				CLANG_WARN_NON_LITERAL_NULL_CONVERSION = YES;
				CLANG_WARN_OBJC_IMPLICIT_RETAIN_SELF = YES;
				CLANG_WARN_OBJC_LITERAL_CONVERSION = YES;
				CLANG_WARN_OBJC_ROOT_CLASS = YES_ERROR;
				CLANG_WARN_RANGE_LOOP_ANALYSIS = YES;
				CLANG_WARN_STRICT_PROTOTYPES = YES;
				CLANG_WARN_SUSPICIOUS_MOVE = YES;
				CLANG_WARN_UNGUARDED_AVAILABILITY = YES_AGGRESSIVE;
				CLANG_WARN_UNREACHABLE_CODE = YES;
				CLANG_WARN__DUPLICATE_METHOD_MATCH = YES;
				CODE_SIGN_IDENTITY = "iPhone Developer";
				COPY_PHASE_STRIP = NO;
				DEBUG_INFORMATION_FORMAT = "dwarf-with-dsym";
				ENABLE_NS_ASSERTIONS = NO;
				ENABLE_STRICT_OBJC_MSGSEND = YES;
				GCC_C_LANGUAGE_STANDARD = gnu11;
				GCC_NO_COMMON_BLOCKS = YES;
				GCC_WARN_64_TO_32_BIT_CONVERSION = YES;
				GCC_WARN_ABOUT_RETURN_TYPE = YES_ERROR;
				GCC_WARN_UNDECLARED_SELECTOR = YES;
				GCC_WARN_UNINITIALIZED_AUTOS = YES_AGGRESSIVE;
				GCC_WARN_UNUSED_FUNCTION = YES;
				GCC_WARN_UNUSED_VARIABLE = YES;
				IPHONEOS_DEPLOYMENT_TARGET = 12.2;
				MTL_ENABLE_DEBUG_INFO = NO;
				MTL_FAST_MATH = YES;
				SDKROOT = iphoneos;
				SWIFT_COMPILATION_MODE = wholemodule;
				SWIFT_OPTIMIZATION_LEVEL = "-O";
				VALIDATE_PRODUCT = YES;
			};
			name = Release;
		};
		7386CEDA22969575008F697A /* Debug */ = {
			isa = XCBuildConfiguration;
			baseConfigurationReference = E24475B98A900B92122904F5 /* Pods-sample.debug.xcconfig */;
			buildSettings = {
				ASSETCATALOG_COMPILER_APPICON_NAME = AppIcon;
				CODE_SIGN_STYLE = Automatic;
				DEVELOPMENT_TEAM = VNAV5S2KU6;
				INFOPLIST_FILE = sample/Info.plist;
				LD_RUNPATH_SEARCH_PATHS = (
					"$(inherited)",
					"@executable_path/Frameworks",
				);
				PRODUCT_BUNDLE_IDENTIFIER = sasakura.company.sample;
				PRODUCT_NAME = "$(TARGET_NAME)";
				SWIFT_VERSION = 5.0;
				TARGETED_DEVICE_FAMILY = "1,2";
			};
			name = Debug;
		};
		7386CEDB22969575008F697A /* Release */ = {
			isa = XCBuildConfiguration;
			baseConfigurationReference = 24845A78B0F35DBFDC933752 /* Pods-sample.release.xcconfig */;
			buildSettings = {
				ASSETCATALOG_COMPILER_APPICON_NAME = AppIcon;
				CODE_SIGN_STYLE = Automatic;
				DEVELOPMENT_TEAM = VNAV5S2KU6;
				INFOPLIST_FILE = sample/Info.plist;
				LD_RUNPATH_SEARCH_PATHS = (
					"$(inherited)",
					"@executable_path/Frameworks",
				);
				PRODUCT_BUNDLE_IDENTIFIER = sasakura.company.sample;
				PRODUCT_NAME = "$(TARGET_NAME)";
				SWIFT_VERSION = 5.0;
				TARGETED_DEVICE_FAMILY = "1,2";
			};
			name = Release;
		};
		7386CEDD22969575008F697A /* Debug */ = {
			isa = XCBuildConfiguration;
			baseConfigurationReference = 44C368122D48B32B29138A42 /* Pods-sampleTests.debug.xcconfig */;
			buildSettings = {
				ALWAYS_EMBED_SWIFT_STANDARD_LIBRARIES = YES;
				BUNDLE_LOADER = "$(TEST_HOST)";
				CODE_SIGN_STYLE = Automatic;
				DEVELOPMENT_TEAM = VNAV5S2KU6;
				INFOPLIST_FILE = sampleTests/Info.plist;
				LD_RUNPATH_SEARCH_PATHS = (
					"$(inherited)",
					"@executable_path/Frameworks",
					"@loader_path/Frameworks",
				);
				PRODUCT_BUNDLE_IDENTIFIER = sasakura.company.sampleTests;
				PRODUCT_NAME = "$(TARGET_NAME)";
				SWIFT_VERSION = 5.0;
				TARGETED_DEVICE_FAMILY = "1,2";
				TEST_HOST = "$(BUILT_PRODUCTS_DIR)/sample.app/sample";
			};
			name = Debug;
		};
		7386CEDE22969575008F697A /* Release */ = {
			isa = XCBuildConfiguration;
			baseConfigurationReference = D009725B7275B57111184445 /* Pods-sampleTests.release.xcconfig */;
			buildSettings = {
				ALWAYS_EMBED_SWIFT_STANDARD_LIBRARIES = YES;
				BUNDLE_LOADER = "$(TEST_HOST)";
				CODE_SIGN_STYLE = Automatic;
				DEVELOPMENT_TEAM = VNAV5S2KU6;
				INFOPLIST_FILE = sampleTests/Info.plist;
				LD_RUNPATH_SEARCH_PATHS = (
					"$(inherited)",
					"@executable_path/Frameworks",
					"@loader_path/Frameworks",
				);
				PRODUCT_BUNDLE_IDENTIFIER = sasakura.company.sampleTests;
				PRODUCT_NAME = "$(TARGET_NAME)";
				SWIFT_VERSION = 5.0;
				TARGETED_DEVICE_FAMILY = "1,2";
				TEST_HOST = "$(BUILT_PRODUCTS_DIR)/sample.app/sample";
			};
			name = Release;
		};
		7386CEE022969575008F697A /* Debug */ = {
			isa = XCBuildConfiguration;
			baseConfigurationReference = C680A543F0691D8BAE9B3895 /* Pods-sampleUITests.debug.xcconfig */;
			buildSettings = {
				ALWAYS_EMBED_SWIFT_STANDARD_LIBRARIES = YES;
				CODE_SIGN_STYLE = Automatic;
				DEVELOPMENT_TEAM = VNAV5S2KU6;
				INFOPLIST_FILE = sampleUITests/Info.plist;
				LD_RUNPATH_SEARCH_PATHS = (
					"$(inherited)",
					"@executable_path/Frameworks",
					"@loader_path/Frameworks",
				);
				PRODUCT_BUNDLE_IDENTIFIER = sasakura.company.sampleUITests;
				PRODUCT_NAME = "$(TARGET_NAME)";
				SWIFT_VERSION = 5.0;
				TARGETED_DEVICE_FAMILY = "1,2";
				TEST_TARGET_NAME = sample;
			};
			name = Debug;
		};
		7386CEE122969575008F697A /* Release */ = {
			isa = XCBuildConfiguration;
			baseConfigurationReference = B8E01B47EAA77F5701AF734C /* Pods-sampleUITests.release.xcconfig */;
			buildSettings = {
				ALWAYS_EMBED_SWIFT_STANDARD_LIBRARIES = YES;
				CODE_SIGN_STYLE = Automatic;
				DEVELOPMENT_TEAM = VNAV5S2KU6;
				INFOPLIST_FILE = sampleUITests/Info.plist;
				LD_RUNPATH_SEARCH_PATHS = (
					"$(inherited)",
					"@executable_path/Frameworks",
					"@loader_path/Frameworks",
				);
				PRODUCT_BUNDLE_IDENTIFIER = sasakura.company.sampleUITests;
				PRODUCT_NAME = "$(TARGET_NAME)";
				SWIFT_VERSION = 5.0;
				TARGETED_DEVICE_FAMILY = "1,2";
				TEST_TARGET_NAME = sample;
			};
			name = Release;
		};
/* End XCBuildConfiguration section */

/* Begin XCConfigurationList section */
		7386CEAC22969571008F697A /* Build configuration list for PBXProject "sample" */ = {
			isa = XCConfigurationList;
			buildConfigurations = (
				7386CED722969575008F697A /* Debug */,
				7386CED822969575008F697A /* Release */,
			);
			defaultConfigurationIsVisible = 0;
			defaultConfigurationName = Release;
		};
		7386CED922969575008F697A /* Build configuration list for PBXNativeTarget "sample" */ = {
			isa = XCConfigurationList;
			buildConfigurations = (
				7386CEDA22969575008F697A /* Debug */,
				7386CEDB22969575008F697A /* Release */,
			);
			defaultConfigurationIsVisible = 0;
			defaultConfigurationName = Release;
		};
		7386CEDC22969575008F697A /* Build configuration list for PBXNativeTarget "sampleTests" */ = {
			isa = XCConfigurationList;
			buildConfigurations = (
				7386CEDD22969575008F697A /* Debug */,
				7386CEDE22969575008F697A /* Release */,
			);
			defaultConfigurationIsVisible = 0;
			defaultConfigurationName = Release;
		};
		7386CEDF22969575008F697A /* Build configuration list for PBXNativeTarget "sampleUITests" */ = {
			isa = XCConfigurationList;
			buildConfigurations = (
				7386CEE022969575008F697A /* Debug */,
				7386CEE122969575008F697A /* Release */,
			);
			defaultConfigurationIsVisible = 0;
			defaultConfigurationName = Release;
		};
/* End XCConfigurationList section */
	};
	rootObject = 7386CEA922969571008F697A /* Project object */;
}
